
Microsoft Visual Studio Solution File, Format Version 11.00
# Visual Studio 2010
Project("{FAE04EC0-301F-11D3-BF4B-00C04F79EFBC}") = "Winter Wars XNA Windows", "Winter Wars XNA Windows\Winter Wars XNA Windows\Winter Wars XNA Windows.csproj", "{00A5BA8E-5A57-447F-AB21-F0468EE4FE75}"
EndProject
Project("{96E2B04D-8817-42C6-938A-82C39BA4D311}") = "Winter Wars XNA WindowsContent", "Winter Wars XNA Windows\Winter Wars XNA WindowsContent\Winter Wars XNA WindowsContent.contentproj", "{88E48660-7EEC-49C1-8665-DC074C7E455E}"
EndProject
Global
	GlobalSection(SolutionConfigurationPlatforms) = preSolution
		Debug|x86 = Debug|x86
		Release|x86 = Release|x86
	EndGlobalSection
	GlobalSection(ProjectConfigurationPlatforms) = postSolution
		{00A5BA8E-5A57-447F-AB21-F0468EE4FE75}.Debug|x86.ActiveCfg = Debug|x86
		{00A5BA8E-5A57-447F-AB21-F0468EE4FE75}.Debug|x86.Build.0 = Debug|x86
		{00A5BA8E-5A57-447F-AB21-F0468EE4FE75}.Release|x86.ActiveCfg = Release|x86
		{00A5BA8E-5A57-447F-AB21-F0468EE4FE75}.Release|x86.Build.0 = Release|x86
		{88E48660-7EEC-49C1-8665-DC074C7E455E}.Debug|x86.ActiveCfg = Debug|x86
		{88E48660-7EEC-49C1-8665-DC074C7E455E}.Release|x86.ActiveCfg = Release|x86
	EndGlobalSection
	GlobalSection(SolutionProperties) = preSolution
		HideSolutionNode = FALSE
	EndGlobalSection
EndGlobal
